
Microsoft Visual Studio Solution File, Format Version 12.00
# Visual Studio Version 17
VisualStudioVersion = 17.5.33424.131
MinimumVisualStudioVersion = 10.0.40219.1
Project("{FAE04EC0-301F-11D3-BF4B-00C04F79EFBC}") = "DTP-D7-ovn-1", "DTP-D7-ovn-1\DTP-D7-ovn-1.csproj", "{A8D63B4A-E504-419A-9AA8-11F3299F3BD1}"
EndProject
Global
	GlobalSection(SolutionConfigurationPlatforms) = preSolution
		Debug|Any CPU = Debug|Any CPU
		Release|Any CPU = Release|Any CPU
	EndGlobalSection
	GlobalSection(ProjectConfigurationPlatforms) = postSolution
		{A8D63B4A-E504-419A-9AA8-11F3299F3BD1}.Debug|Any CPU.ActiveCfg = Debug|Any CPU
		{A8D63B4A-E504-419A-9AA8-11F3299F3BD1}.Debug|Any CPU.Build.0 = Debug|Any CPU
		{A8D63B4A-E504-419A-9AA8-11F3299F3BD1}.Release|Any CPU.ActiveCfg = Release|Any CPU
		{A8D63B4A-E504-419A-9AA8-11F3299F3BD1}.Release|Any CPU.Build.0 = Release|Any CPU
	EndGlobalSection
	GlobalSection(SolutionProperties) = preSolution
		HideSolutionNode = FALSE
	EndGlobalSection
	GlobalSection(ExtensibilityGlobals) = postSolution
		SolutionGuid = {B323F3D2-A5D3-411A-B0F4-AD3B0B911ACE}
	EndGlobalSection
EndGlobal
